#
# This file is autogenerated by pip-compile with Python 3.12
# by the following command:
#
#    pip-compile --generate-hashes --output-file=requirements-ble.lock --strip-extras requirements-ble.txt
#
bleak==3.0.2 \
    --hash=sha256:39092feb9e83f1df5ad2f88e837723c7211c982ce9e9cda6235104bc2ebe0d0d \
    --hash=sha256:c2229cb8238d5876b4bd05c74bf7a1aea1f88da39d2e51ac9dfd5cc319d5265f
    # via -r requirements-ble.txt
dbus-fast==5.0.22 \
    --hash=sha256:027b358d55164f722d7432d6734506751c89b5cee8d516e7282eff3eaa763f05 \
    --hash=sha256:048f34299fbe82d7b87c56f47e8bd83f62339a4517685abc6671d603a55d2c89 \
    --hash=sha256:04bac97d0cb754a4d13037d0132517f1df28192d6e0568a0bf6df06623062285 \
    --hash=sha256:246780dcda59d26dd2fb1d9a15991bc8483e9c241cee8713920a39a363ad4d39 \
    --hash=sha256:26e26b409e1e6edf5e2a4df8d192625fb38876b074fb5c7d0a5b15c5792e549d \
    --hash=sha256:279d212e9fb262d595af2e4b5b9e951bc00c73a5c8eeb50f158caa13705b9c84 \
    --hash=sha256:34dc67d7d21a12399828dd13e63b352750580beea54ea7c729e708f2d2905fef \
    --hash=sha256:3a699fca957acc845ddb12b47f741dba23ce147fdb93583e0c7e7bad3e9b2355 \
    --hash=sha256:3eb57d592d84b0bb90e0c077db7ecb61562f49cc9b86a3ef08cbe17243e9cc4f \
    --hash=sha256:4ffcf16034f71a801bd2108aeffb6337d104c9459e8b1a218d16a917c8a2d2e9 \
    --hash=sha256:511655d915692f55b8c5f5a535acf80cca9c6d1a35384db7fcfdabaae05dd837 \
    --hash=sha256:58e4d41f9fea22cfd6dacdf03d53b932bbe15a825af5abad3ca79b91493a15c3 \
    --hash=sha256:595bd3ccfd8318cbafff79f33a15709fee3728724fd61d5fa220080d73b574cb \
    --hash=sha256:69a077c296eaab8c30160e861b5514c33d99d67d41d17dbf02e89aae44543b11 \
    --hash=sha256:6c4dae5292a7924ec062815c34b49043d8386cd22e165f9fb4012de00997cdf1 \
    --hash=sha256:703e0f8f9af52e8e053394ee2b578042be0c3d8ea2b1488f9db8cb14393cc13f \
    --hash=sha256:7af3e81287163dbae29d583a19fdab717a896bb097946adde415439b0ee322fb \
    --hash=sha256:7be4271e38251f1ad726962dec60da887c8ed352d157352e4fc27f56aece5c5d \
    --hash=sha256:7d1c42963235cfc015a2d2b8c5fe42b65387493b4ad4ce0ec122601c805e6742 \
    --hash=sha256:7f2af2fc27f3f188387befad5901953863fc8fa6451202083c2b9ec9f970028f \
    --hash=sha256:83940ea00d7ee2f0c5bcb5d19d7d05e7949e52d467616a0b735d72e7285402ec \
    --hash=sha256:846f9a6602b4383f989201f7851459fb225a8912cd24b38e63894748545c3040 \
    --hash=sha256:855f15b7f7805171da2b82de1c317d01cfbb9fb8ac61fcc1e8dec54d8c69fab7 \
    --hash=sha256:856f0543c593f3480e93e67bcd1aa4ddc1d94a6076cfd3ad4e0f5e2b01b33dc3 \
    --hash=sha256:886b43446b6fdc3986befbbb88db1365b14e49dd0a7edf84c2c67ac66c7160a4 \
    --hash=sha256:8f0bcad7f71d2304a68a5b0bc0d24c3fcc14710a2ffcf5f2a27521e3aece71ca \
    --hash=sha256:92df9fb6d8adeb17b534621c2ee730295bbe1d0c2584d5c82b1db478e3f04e8f \
    --hash=sha256:959fab6420897ab99410e67d6f9f9a7f6f4cedb6014700768f5e2d71dbff5dc6 \
    --hash=sha256:96d231d128c1f46f263790335897195dde9dac2f38571782db8ae1d8647bd548 \
    --hash=sha256:979761985fe343c701f2b7575285d6e370123f7231d4656209ef7824bb686bbb \
    --hash=sha256:98de6d2c200d8182e1fd0bdde3206fa556b8fa14ebb752a044cd8daa87b4658c \
    --hash=sha256:9a5b05fd4973862042e5bee2c5e8c5a15297e0b33a975bf25b44becf7bcb3618 \
    --hash=sha256:a127ff97079fd052d2b5dd752abc3fc5678b0d15ce9d04be1796bcc7f90b8b03 \
    --hash=sha256:a160cb931f22c43ddc8efe6ff33f03d3111442b9c0007ba58269a717296d8536 \
    --hash=sha256:b013437b66dc22b8d9aca5e0b0d46bf1980208a143409469fe482d9684a2a717 \
    --hash=sha256:b3db6388b80ca167299f2eb8eb60e74f07c6e33a1bc4320c42bd9e5ab192c587 \
    --hash=sha256:b67a02037eb58bcf9e445df60ea0d9d7346fd334abde3aa62e03c75823b53979 \
    --hash=sha256:b7d90a52be79acbaef257f3a81d5b9b9dec40f1bad29429ac5c7802684fb9b84 \
    --hash=sha256:c32869678240f233ece5a1137960c0337699dbb39acc02c155929f52543f03fb \
    --hash=sha256:d8ca39f3f2ab34f88bb343db87c7cf8b07eefa046b23d8c38b3387f150ac609e \
    --hash=sha256:de10ff3b3cb2acb1c09fe17158a470519000d37bb5ee5fd69c4075e81ce8dcf5 \
    --hash=sha256:de4d235d1282ebb3ab65b6cddab84e914c045d92ceb381ddcbdbaf66bf1fb132 \
    --hash=sha256:eb1d7e8e65561d0fd438004fd9e0f981c8a862912fed58dd4e29db1936c39d73 \
    --hash=sha256:eb31c5ff339a7071b914617a69d5b7c6ba7d411da4b01a5f9b5b2fe51e9d1301 \
    --hash=sha256:f0926e4cf49989b4ec8233e8fd462eb35a640fcfe81bb75d91675dd47489022b \
    --hash=sha256:f72b77be63f7bb24cf42936ad10994d40f43fed691f857f7854b5882d6a5227c \
    --hash=sha256:f74700b1b4fd58acb76f8790e2cd475084d0e59149e0cc035abd239435a339b7 \
    --hash=sha256:f8244561e503cffcd5e6b1ff6544a44aa0b65b6856f2f64d04345ebf82f8ac48 \
    --hash=sha256:fb73f1d8374253b7c17d69e902cf2ded1bfb089cb6ae67c10b4e0bdfe1b8fe08
    # via bleak
